<?xml version="1.0"?>
<CONFIG>
  <ProjectOptions>
    <Version Value="9"/>
    <General>
      <Flags>
        <SaveOnlyProjectUnits Value="True"/>
        <MainUnitHasCreateFormStatements Value="False"/>
        <MainUnitHasTitleStatement Value="False"/>
      </Flags>
      <SessionStorage Value="InProjectDir"/>
      <MainUnit Value="0"/>
      <ResourceType Value="res"/>
      <UseXPManifest Value="True"/>
      <Icon Value="0"/>
    </General>
    <i18n>
      <EnableI18N LFM="False"/>
    </i18n>
    <VersionInfo>
      <StringTable ProductVersion=""/>
    </VersionInfo>
    <BuildModes Count="1">
      <Item1 Name="Default" Default="True"/>
    </BuildModes>
    <PublishOptions>
      <Version Value="2"/>
      <IncludeFileFilter Value="*.(pas|pp|inc|lfm|lpr|lrs|lpi|lpk|sh|xml)"/>
      <ExcludeFileFilter Value="*.(bak|ppu|ppw|o|so);*~;backup"/>
    </PublishOptions>
    <RunParams>
      <local>
        <FormatVersion Value="1"/>
        <LaunchingApplication PathPlusParams="/usr/bin/xterm -T 'Lazarus Run Output' -e $(LazarusDir)/tools/runwait.sh $(TargetCmdLine)"/>
      </local>
    </RunParams>
    <RequiredPackages Count="3">
      <Item1>
        <PackageName Value="LCL"/>
      </Item1>
      <Item2>
        <PackageName Value="pl_opengl"/>
      </Item2>
      <Item3>
        <PackageName Value="pl_zengl"/>
      </Item3>
    </RequiredPackages>
    <Units Count="14">
      <Unit0>
        <Filename Value="demo03.lpr"/>
        <IsPartOfProject Value="True"/>
        <UnitName Value="demo03"/>
      </Unit0>
      <Unit1>
        <Filename Value="tiles.pas"/>
        <IsPartOfProject Value="True"/>
        <UnitName Value="tiles"/>
      </Unit1>
      <Unit2>
        <Filename Value="resources.pas"/>
        <IsPartOfProject Value="True"/>
        <UnitName Value="resources"/>
      </Unit2>
      <Unit3>
        <Filename Value="maps/map01.map"/>
        <IsPartOfProject Value="True"/>
      </Unit3>
      <Unit4>
        <Filename Value="vars.pas"/>
        <IsPartOfProject Value="True"/>
        <UnitName Value="vars"/>
      </Unit4>
      <Unit5>
        <Filename Value="wavefront.pas"/>
        <IsPartOfProject Value="True"/>
        <UnitName Value="wavefront"/>
      </Unit5>
      <Unit6>
        <Filename Value="tiles3d.pas"/>
        <IsPartOfProject Value="True"/>
        <UnitName Value="tiles3d"/>
      </Unit6>
      <Unit7>
        <Filename Value="math2d.pas"/>
        <IsPartOfProject Value="True"/>
        <UnitName Value="Math2D"/>
      </Unit7>
      <Unit8>
        <Filename Value="mechanics.pas"/>
        <IsPartOfProject Value="True"/>
        <UnitName Value="mechanics"/>
      </Unit8>
      <Unit9>
        <Filename Value="math3d_vector_h.inc"/>
        <IsPartOfProject Value="True"/>
      </Unit9>
      <Unit10>
        <Filename Value="math3d_vector.inc"/>
        <IsPartOfProject Value="True"/>
      </Unit10>
      <Unit11>
        <Filename Value="fft.pas"/>
        <IsPartOfProject Value="True"/>
        <UnitName Value="FFT"/>
      </Unit11>
      <Unit12>
        <Filename Value="ocean.pas"/>
        <IsPartOfProject Value="True"/>
        <UnitName Value="ocean"/>
      </Unit12>
      <Unit13>
        <Filename Value="terrain.pas"/>
        <IsPartOfProject Value="True"/>
        <UnitName Value="terrain"/>
      </Unit13>
    </Units>
  </ProjectOptions>
  <CompilerOptions>
    <Version Value="11"/>
    <SearchPaths>
      <IncludeFiles Value="$(ProjOutDir)"/>
      <OtherUnitFiles Value="/usr/lib/codetyphon/CodeOcean/ZenGL/xlib/chipmunk/$(TargetCPU)-$(TargetOS);c:/codetyphon/CodeOcean/ZenGL/xlib/chipmunk/$(TargetCPU)-$(TargetOS)/;/usr/lib/codetyphon/CodeOcean/ZenGL/xlib/jpeg/$(TargetCPU)-$(TargetOS);c:/codetyphon/CodeOcean/ZenGL/xlib/jpeg/$(TargetCPU)-$(TargetOS)/;/usr/lib/codetyphon/CodeOcean/ZenGL/xlib/ogg/$(TargetCPU)-$(TargetOS);c:/codetyphon/CodeOcean/ZenGL/xlib/ogg/$(TargetCPU)-$(TargetOS)/;/usr/lib/codetyphon/CodeOcean/ZenGL/xlib/zlib/$(TargetCPU)-$(TargetOS);c:/codetyphon/CodeOcean/ZenGL/xlib/zlib/$(TargetCPU)-$(TargetOS)/;/usr/lib/codetyphon/CodeOcean/ZenGL/xlib/zip/$(TargetCPU)-$(TargetOS);c:/codetyphon/CodeOcean/ZenGL/xlib/zip/$(TargetCPU)-$(TargetOS)/;/usr/lib/codetyphon/CodeOcean/ZenGL/xlib/theora/$(TargetCPU)-$(TargetOS);c:/codetyphon/CodeOcean/ZenGL/xlib/theora/$(TargetCPU)-$(TargetOS)/;/usr/lib/codetyphon/CodeOcean/ZenGL/xlib/msvcrt/$(TargetCPU);c:/codetyphon/CodeOcean/ZenGL/xlib/msvcrt/$(TargetCPU)/;$(LazarusDir)/components/pl_ZenGL/source"/>
      <UnitOutputDirectory Value="bin/$(TargetOS)/$(TargetCPU)"/>
    </SearchPaths>
    <Linking>
      <Debugging>
        <DebugInfoType Value="dsDwarf2Set"/>
      </Debugging>
      <Options>
        <Win32>
          <GraphicApplication Value="True"/>
        </Win32>
      </Options>
    </Linking>
    <Other>
      <CompilerMessages>
        <UseMsgFile Value="True"/>
      </CompilerMessages>
      <CompilerPath Value="$(CompPath)"/>
    </Other>
  </CompilerOptions>
  <Debugging>
    <Exceptions Count="3">
      <Item1>
        <Name Value="EAbort"/>
      </Item1>
      <Item2>
        <Name Value="ECodetoolError"/>
      </Item2>
      <Item3>
        <Name Value="EFOpenError"/>
      </Item3>
    </Exceptions>
  </Debugging>
</CONFIG>
