<?xml version="1.0" encoding="UTF-8"?>
<CONFIG>
  <ProjectOptions>
    <Version Value="9"/>
    <General>
      <Flags>
        <SaveOnlyProjectUnits Value="True"/>
        <MainUnitHasCreateFormStatements Value="False"/>
        <MainUnitHasTitleStatement Value="False"/>
      </Flags>
      <SessionStorage Value="InProjectDir"/>
      <MainUnit Value="0"/>
      <ResourceType Value="res"/>
      <UseXPManifest Value="True"/>
    </General>
    <i18n>
      <EnableI18N LFM="False"/>
    </i18n>
    <VersionInfo>
      <StringTable ProductVersion=""/>
    </VersionInfo>
    <BuildModes Count="1">
      <Item1 Name="Default" Default="True"/>
    </BuildModes>
    <PublishOptions>
      <Version Value="2"/>
      <IncludeFileFilter Value="*.(pas|pp|inc|lfm|lpr|lrs|lpi|lpk|sh|xml)"/>
      <ExcludeFileFilter Value="*.(bak|ppu|ppw|o|so);*~;backup"/>
    </PublishOptions>
    <RunParams>
      <local>
        <FormatVersion Value="1"/>
      </local>
    </RunParams>
    <RequiredPackages Count="5">
      <Item1>
        <PackageName Value="LCL"/>
      </Item1>
      <Item2>
        <PackageName Value="LCLBase"/>
      </Item2>
      <Item3>
        <PackageName Value="pl_opengl"/>
      </Item3>
      <Item4>
        <PackageName Value="engine"/>
      </Item4>
      <Item5>
        <PackageName Value="pl_zengl"/>
      </Item5>
    </RequiredPackages>
    <Units Count="3">
      <Unit0>
        <Filename Value="model_test.lpr"/>
        <IsPartOfProject Value="True"/>
        <UnitName Value="model_test"/>
      </Unit0>
      <Unit1>
        <Filename Value="math3d.pas"/>
        <IsPartOfProject Value="True"/>
        <UnitName Value="Math3D"/>
      </Unit1>
      <Unit2>
        <Filename Value="vars.pas"/>
        <IsPartOfProject Value="True"/>
        <UnitName Value="vars"/>
      </Unit2>
    </Units>
  </ProjectOptions>
  <CompilerOptions>
    <Version Value="11"/>
    <SearchPaths>
      <IncludeFiles Value="$(ProjOutDir)"/>
      <UnitOutputDirectory Value="bin/$(TargetOS)/$(TargetCPU)"/>
    </SearchPaths>
    <Linking>
      <Debugging>
        <DebugInfoType Value="dsDwarf2Set"/>
      </Debugging>
      <Options>
        <Win32>
          <GraphicApplication Value="True"/>
        </Win32>
      </Options>
    </Linking>
    <Other>
      <CompilerMessages>
        <UseMsgFile Value="True"/>
      </CompilerMessages>
      <CompilerPath Value="$(CompPath)"/>
    </Other>
  </CompilerOptions>
  <Debugging>
    <Exceptions Count="3">
      <Item1>
        <Name Value="EAbort"/>
      </Item1>
      <Item2>
        <Name Value="ECodetoolError"/>
      </Item2>
      <Item3>
        <Name Value="EFOpenError"/>
      </Item3>
    </Exceptions>
  </Debugging>
</CONFIG>